// !$*UTF8*$!
{
	archiveVersion = 1;
	classes = {
	};
	objectVersion = 56;
	objects = {

/* Begin PBXBuildFile section */
		5909EFA32BF5607300DD0D8D /* MockDataProvider.swift in Sources */ = {isa = PBXBuildFile; fileRef = 5909EFA22BF5607300DD0D8D /* MockDataProvider.swift */; };
		5909EFA62BF6229F00DD0D8D /* LabelCollectionViewCell.swift in Sources */ = {isa = PBXBuildFile; fileRef = 5909EFA52BF6229F00DD0D8D /* LabelCollectionViewCell.swift */; };
		5909EFA92BF62F9900DD0D8D /* UICollectionView+ReusableIdenfifier.swift in Sources */ = {isa = PBXBuildFile; fileRef = 5909EFA82BF62F9900DD0D8D /* UICollectionView+ReusableIdenfifier.swift */; };
		5909EFAB2BF6314D00DD0D8D /* ReusableIdentifier.swift in Sources */ = {isa = PBXBuildFile; fileRef = 5909EFAA2BF6314D00DD0D8D /* ReusableIdentifier.swift */; };
		5909EFAD2BF6336700DD0D8D /* ImageCollectionViewCell.swift in Sources */ = {isa = PBXBuildFile; fileRef = 5909EFAC2BF6336700DD0D8D /* ImageCollectionViewCell.swift */; };
		5909EFAF2BFA2D4500DD0D8D /* HorizontalScrollingCollectionViewCell.swift in Sources */ = {isa = PBXBuildFile; fileRef = 5909EFAE2BFA2D4500DD0D8D /* HorizontalScrollingCollectionViewCell.swift */; };
		593AA4C22BDC6A5B001D6DAA /* Course_AppApp.swift in Sources */ = {isa = PBXBuildFile; fileRef = 593AA4C12BDC6A5B001D6DAA /* Course_AppApp.swift */; };
		593AA4C42BDC6A5B001D6DAA /* ContentView.swift in Sources */ = {isa = PBXBuildFile; fileRef = 593AA4C32BDC6A5B001D6DAA /* ContentView.swift */; };
		593AA4C62BDC6A5D001D6DAA /* Images.xcassets in Resources */ = {isa = PBXBuildFile; fileRef = 593AA4C52BDC6A5D001D6DAA /* Images.xcassets */; };
		593AA4C92BDC6A5D001D6DAA /* Preview Assets.xcassets in Resources */ = {isa = PBXBuildFile; fileRef = 593AA4C82BDC6A5D001D6DAA /* Preview Assets.xcassets */; };
		5984C6062BF3FC96007E946C /* FirebaseAuth in Frameworks */ = {isa = PBXBuildFile; productRef = 5984C6052BF3FC96007E946C /* FirebaseAuth */; };
		5984C6082BF3FCB9007E946C /* FirebaseFirestore in Frameworks */ = {isa = PBXBuildFile; productRef = 5984C6072BF3FCB9007E946C /* FirebaseFirestore */; };
		5984C60F2BF407BC007E946C /* Poppins-Bold.ttf in Resources */ = {isa = PBXBuildFile; fileRef = 5984C60C2BF407BC007E946C /* Poppins-Bold.ttf */; };
		5984C6102BF407BC007E946C /* Poppins-Regular.ttf in Resources */ = {isa = PBXBuildFile; fileRef = 5984C60D2BF407BC007E946C /* Poppins-Regular.ttf */; };
		5984C6112BF407BC007E946C /* Poppins-MediumItalic.ttf in Resources */ = {isa = PBXBuildFile; fileRef = 5984C60E2BF407BC007E946C /* Poppins-MediumItalic.ttf */; };
		5984C6162BF529F9007E946C /* Colors.xcassets in Resources */ = {isa = PBXBuildFile; fileRef = 5984C6152BF529F9007E946C /* Colors.xcassets */; };
		5984C6192BF53C49007E946C /* HomeViewController.swift in Sources */ = {isa = PBXBuildFile; fileRef = 5984C6172BF53C49007E946C /* HomeViewController.swift */; };
		5984C61A2BF53C49007E946C /* HomeViewController.xib in Resources */ = {isa = PBXBuildFile; fileRef = 5984C6182BF53C49007E946C /* HomeViewController.xib */; };
		59C833812BECF98E00989F0E /* Course_AppUITests.swift in Sources */ = {isa = PBXBuildFile; fileRef = 59C833802BECF98E00989F0E /* Course_AppUITests.swift */; };
		59C833832BECF98E00989F0E /* Course_AppUITestsLaunchTests.swift in Sources */ = {isa = PBXBuildFile; fileRef = 59C833822BECF98E00989F0E /* Course_AppUITestsLaunchTests.swift */; };
		59D433F52BF0AFD7002F9505 /* GoogleService-Info.plist in Resources */ = {isa = PBXBuildFile; fileRef = 59D433F42BF0AFD7002F9505 /* GoogleService-Info.plist */; };
/* End PBXBuildFile section */

/* Begin PBXContainerItemProxy section */
		59C833842BECF98E00989F0E /* PBXContainerItemProxy */ = {
			isa = PBXContainerItemProxy;
			containerPortal = 593AA4B62BDC6A5B001D6DAA /* Project object */;
			proxyType = 1;
			remoteGlobalIDString = 593AA4BD2BDC6A5B001D6DAA;
			remoteInfo = "Course App";
		};
/* End PBXContainerItemProxy section */

/* Begin PBXFileReference section */
		5909EFA22BF5607300DD0D8D /* MockDataProvider.swift */ = {isa = PBXFileReference; lastKnownFileType = sourcecode.swift; path = MockDataProvider.swift; sourceTree = "<group>"; };
		5909EFA52BF6229F00DD0D8D /* LabelCollectionViewCell.swift */ = {isa = PBXFileReference; lastKnownFileType = sourcecode.swift; path = LabelCollectionViewCell.swift; sourceTree = "<group>"; };
		5909EFA82BF62F9900DD0D8D /* UICollectionView+ReusableIdenfifier.swift */ = {isa = PBXFileReference; lastKnownFileType = sourcecode.swift; path = "UICollectionView+ReusableIdenfifier.swift"; sourceTree = "<group>"; };
		5909EFAA2BF6314D00DD0D8D /* ReusableIdentifier.swift */ = {isa = PBXFileReference; lastKnownFileType = sourcecode.swift; path = ReusableIdentifier.swift; sourceTree = "<group>"; };
		5909EFAC2BF6336700DD0D8D /* ImageCollectionViewCell.swift */ = {isa = PBXFileReference; lastKnownFileType = sourcecode.swift; path = ImageCollectionViewCell.swift; sourceTree = "<group>"; };
		5909EFAE2BFA2D4500DD0D8D /* HorizontalScrollingCollectionViewCell.swift */ = {isa = PBXFileReference; lastKnownFileType = sourcecode.swift; path = HorizontalScrollingCollectionViewCell.swift; sourceTree = "<group>"; };
		593AA4BE2BDC6A5B001D6DAA /* Course App.app */ = {isa = PBXFileReference; explicitFileType = wrapper.application; includeInIndex = 0; path = "Course App.app"; sourceTree = BUILT_PRODUCTS_DIR; };
		593AA4C12BDC6A5B001D6DAA /* Course_AppApp.swift */ = {isa = PBXFileReference; lastKnownFileType = sourcecode.swift; path = Course_AppApp.swift; sourceTree = "<group>"; };
		593AA4C32BDC6A5B001D6DAA /* ContentView.swift */ = {isa = PBXFileReference; lastKnownFileType = sourcecode.swift; path = ContentView.swift; sourceTree = "<group>"; };
		593AA4C52BDC6A5D001D6DAA /* Images.xcassets */ = {isa = PBXFileReference; lastKnownFileType = folder.assetcatalog; path = Images.xcassets; sourceTree = "<group>"; };
		593AA4C82BDC6A5D001D6DAA /* Preview Assets.xcassets */ = {isa = PBXFileReference; lastKnownFileType = folder.assetcatalog; path = "Preview Assets.xcassets"; sourceTree = "<group>"; };
		5984C60C2BF407BC007E946C /* Poppins-Bold.ttf */ = {isa = PBXFileReference; fileEncoding = 4; lastKnownFileType = text; name = "Poppins-Bold.ttf"; path = "../../../../../../Desktop/Poppins-Bold.ttf"; sourceTree = "<group>"; };
		5984C60D2BF407BC007E946C /* Poppins-Regular.ttf */ = {isa = PBXFileReference; fileEncoding = 4; lastKnownFileType = text; name = "Poppins-Regular.ttf"; path = "../../../../../../Desktop/Poppins-Regular.ttf"; sourceTree = "<group>"; };
		5984C60E2BF407BC007E946C /* Poppins-MediumItalic.ttf */ = {isa = PBXFileReference; fileEncoding = 4; lastKnownFileType = text; name = "Poppins-MediumItalic.ttf"; path = "../../../../../../Desktop/Poppins-MediumItalic.ttf"; sourceTree = "<group>"; };
		5984C6152BF529F9007E946C /* Colors.xcassets */ = {isa = PBXFileReference; lastKnownFileType = folder.assetcatalog; path = Colors.xcassets; sourceTree = "<group>"; };
		5984C6172BF53C49007E946C /* HomeViewController.swift */ = {isa = PBXFileReference; lastKnownFileType = sourcecode.swift; path = HomeViewController.swift; sourceTree = "<group>"; };
		5984C6182BF53C49007E946C /* HomeViewController.xib */ = {isa = PBXFileReference; lastKnownFileType = file.xib; path = HomeViewController.xib; sourceTree = "<group>"; };
		59C8337E2BECF98E00989F0E /* Course AppUITests.xctest */ = {isa = PBXFileReference; explicitFileType = wrapper.cfbundle; includeInIndex = 0; path = "Course AppUITests.xctest"; sourceTree = BUILT_PRODUCTS_DIR; };
		59C833802BECF98E00989F0E /* Course_AppUITests.swift */ = {isa = PBXFileReference; lastKnownFileType = sourcecode.swift; path = Course_AppUITests.swift; sourceTree = "<group>"; };
		59C833822BECF98E00989F0E /* Course_AppUITestsLaunchTests.swift */ = {isa = PBXFileReference; lastKnownFileType = sourcecode.swift; path = Course_AppUITestsLaunchTests.swift; sourceTree = "<group>"; };
		59C8338A2BED0A4000989F0E /* DevelopmentConfig.xcconfig */ = {isa = PBXFileReference; lastKnownFileType = text.xcconfig; path = DevelopmentConfig.xcconfig; sourceTree = "<group>"; };
		59C8338B2BED0DD000989F0E /* ProductionConfig.xcconfig */ = {isa = PBXFileReference; lastKnownFileType = text.xcconfig; path = ProductionConfig.xcconfig; sourceTree = "<group>"; };
		59D433F42BF0AFD7002F9505 /* GoogleService-Info.plist */ = {isa = PBXFileReference; fileEncoding = 4; lastKnownFileType = text.plist.xml; path = "GoogleService-Info.plist"; sourceTree = "<group>"; };
/* End PBXFileReference section */

/* Begin PBXFrameworksBuildPhase section */
		593AA4BB2BDC6A5B001D6DAA /* Frameworks */ = {
			isa = PBXFrameworksBuildPhase;
			buildActionMask = 2147483647;
			files = (
				5984C6062BF3FC96007E946C /* FirebaseAuth in Frameworks */,
				5984C6082BF3FCB9007E946C /* FirebaseFirestore in Frameworks */,
			);
			runOnlyForDeploymentPostprocessing = 0;
		};
		59C8337B2BECF98E00989F0E /* Frameworks */ = {
			isa = PBXFrameworksBuildPhase;
			buildActionMask = 2147483647;
			files = (
			);
			runOnlyForDeploymentPostprocessing = 0;
		};
/* End PBXFrameworksBuildPhase section */

/* Begin PBXGroup section */
		5909EFA12BF5605700DD0D8D /* DataAPI */ = {
			isa = PBXGroup;
			children = (
				5909EFA22BF5607300DD0D8D /* MockDataProvider.swift */,
			);
			path = DataAPI;
			sourceTree = "<group>";
		};
		5909EFA42BF6226E00DD0D8D /* UICollectionVIewCells */ = {
			isa = PBXGroup;
			children = (
				5909EFA52BF6229F00DD0D8D /* LabelCollectionViewCell.swift */,
				5909EFAC2BF6336700DD0D8D /* ImageCollectionViewCell.swift */,
				5909EFAE2BFA2D4500DD0D8D /* HorizontalScrollingCollectionViewCell.swift */,
			);
			path = UICollectionVIewCells;
			sourceTree = "<group>";
		};
		5909EFA72BF62F5200DD0D8D /* common */ = {
			isa = PBXGroup;
			children = (
				5909EFA82BF62F9900DD0D8D /* UICollectionView+ReusableIdenfifier.swift */,
				5909EFAA2BF6314D00DD0D8D /* ReusableIdentifier.swift */,
			);
			path = common;
			sourceTree = "<group>";
		};
		593AA4B52BDC6A5B001D6DAA = {
			isa = PBXGroup;
			children = (
				5909EFA72BF62F5200DD0D8D /* common */,
				5909EFA12BF5605700DD0D8D /* DataAPI */,
				593AA4C72BDC6A5D001D6DAA /* Preview Content */,
				59D433F42BF0AFD7002F9505 /* GoogleService-Info.plist */,
				59C833892BECFABB00989F0E /* Configurations */,
				593AA4C02BDC6A5B001D6DAA /* Course App */,
				59C8337F2BECF98E00989F0E /* Course AppUITests */,
				596702B62BF0CDFA0043936C /* Frameworks */,
				593AA4BF2BDC6A5B001D6DAA /* Products */,
				5984C60A2BF4073E007E946C /* Resources */,
				5984C6122BF407F7007E946C /* Views */,
			);
			sourceTree = "<group>";
		};
		593AA4BF2BDC6A5B001D6DAA /* Products */ = {
			isa = PBXGroup;
			children = (
				593AA4BE2BDC6A5B001D6DAA /* Course App.app */,
				59C8337E2BECF98E00989F0E /* Course AppUITests.xctest */,
			);
			name = Products;
			sourceTree = "<group>";
		};
		593AA4C02BDC6A5B001D6DAA /* Course App */ = {
			isa = PBXGroup;
			children = (
				593AA4C12BDC6A5B001D6DAA /* Course_AppApp.swift */,
			);
			path = "Course App";
			sourceTree = "<group>";
		};
		593AA4C72BDC6A5D001D6DAA /* Preview Content */ = {
			isa = PBXGroup;
			children = (
				593AA4C82BDC6A5D001D6DAA /* Preview Assets.xcassets */,
			);
			path = "Preview Content";
			sourceTree = "<group>";
		};
		596702B62BF0CDFA0043936C /* Frameworks */ = {
			isa = PBXGroup;
			children = (
			);
			name = Frameworks;
			sourceTree = "<group>";
		};
		5984C60A2BF4073E007E946C /* Resources */ = {
			isa = PBXGroup;
			children = (
				593AA4C52BDC6A5D001D6DAA /* Images.xcassets */,
				5984C60B2BF40749007E946C /* Fonts */,
				5984C6152BF529F9007E946C /* Colors.xcassets */,
			);
			path = Resources;
			sourceTree = "<group>";
		};
		5984C60B2BF40749007E946C /* Fonts */ = {
			isa = PBXGroup;
			children = (
				5984C60C2BF407BC007E946C /* Poppins-Bold.ttf */,
				5984C60E2BF407BC007E946C /* Poppins-MediumItalic.ttf */,
				5984C60D2BF407BC007E946C /* Poppins-Regular.ttf */,
			);
			path = Fonts;
			sourceTree = "<group>";
		};
		5984C6122BF407F7007E946C /* Views */ = {
			isa = PBXGroup;
			children = (
				5984C6142BF40843007E946C /* UIKit */,
				5984C6132BF4083B007E946C /* SwiftUI */,
			);
			path = Views;
			sourceTree = "<group>";
		};
		5984C6132BF4083B007E946C /* SwiftUI */ = {
			isa = PBXGroup;
			children = (
				593AA4C32BDC6A5B001D6DAA /* ContentView.swift */,
			);
			path = SwiftUI;
			sourceTree = "<group>";
		};
		5984C6142BF40843007E946C /* UIKit */ = {
			isa = PBXGroup;
			children = (
				5909EFA42BF6226E00DD0D8D /* UICollectionVIewCells */,
				5984C6172BF53C49007E946C /* HomeViewController.swift */,
				5984C6182BF53C49007E946C /* HomeViewController.xib */,
			);
			path = UIKit;
			sourceTree = "<group>";
		};
		59C8337F2BECF98E00989F0E /* Course AppUITests */ = {
			isa = PBXGroup;
			children = (
				59C833802BECF98E00989F0E /* Course_AppUITests.swift */,
				59C833822BECF98E00989F0E /* Course_AppUITestsLaunchTests.swift */,
			);
			path = "Course AppUITests";
			sourceTree = "<group>";
		};
		59C833892BECFABB00989F0E /* Configurations */ = {
			isa = PBXGroup;
			children = (
				59C8338A2BED0A4000989F0E /* DevelopmentConfig.xcconfig */,
				59C8338B2BED0DD000989F0E /* ProductionConfig.xcconfig */,
			);
			path = Configurations;
			sourceTree = "<group>";
		};
/* End PBXGroup section */

/* Begin PBXNativeTarget section */
		593AA4BD2BDC6A5B001D6DAA /* Course App */ = {
			isa = PBXNativeTarget;
			buildConfigurationList = 593AA4CC2BDC6A5D001D6DAA /* Build configuration list for PBXNativeTarget "Course App" */;
			buildPhases = (
				593AA4BA2BDC6A5B001D6DAA /* Sources */,
				593AA4BB2BDC6A5B001D6DAA /* Frameworks */,
				593AA4BC2BDC6A5B001D6DAA /* Resources */,
			);
			buildRules = (
			);
			dependencies = (
			);
			name = "Course App";
			packageProductDependencies = (
				5984C6052BF3FC96007E946C /* FirebaseAuth */,
				5984C6072BF3FCB9007E946C /* FirebaseFirestore */,
			);
			productName = "Course App";
			productReference = 593AA4BE2BDC6A5B001D6DAA /* Course App.app */;
			productType = "com.apple.product-type.application";
		};
		59C8337D2BECF98E00989F0E /* Course AppUITests */ = {
			isa = PBXNativeTarget;
			buildConfigurationList = 59C833862BECF98E00989F0E /* Build configuration list for PBXNativeTarget "Course AppUITests" */;
			buildPhases = (
				59C8337A2BECF98E00989F0E /* Sources */,
				59C8337B2BECF98E00989F0E /* Frameworks */,
				59C8337C2BECF98E00989F0E /* Resources */,
			);
			buildRules = (
			);
			dependencies = (
				59C833852BECF98E00989F0E /* PBXTargetDependency */,
			);
			name = "Course AppUITests";
			productName = "Course AppUITests";
			productReference = 59C8337E2BECF98E00989F0E /* Course AppUITests.xctest */;
			productType = "com.apple.product-type.bundle.ui-testing";
		};
/* End PBXNativeTarget section */

/* Begin PBXProject section */
		593AA4B62BDC6A5B001D6DAA /* Project object */ = {
			isa = PBXProject;
			attributes = {
				BuildIndependentTargetsInParallel = 1;
				LastSwiftUpdateCheck = 1530;
				LastUpgradeCheck = 1530;
				TargetAttributes = {
					593AA4BD2BDC6A5B001D6DAA = {
						CreatedOnToolsVersion = 15.3;
					};
					59C8337D2BECF98E00989F0E = {
						CreatedOnToolsVersion = 15.3;
						TestTargetID = 593AA4BD2BDC6A5B001D6DAA;
					};
				};
			};
			buildConfigurationList = 593AA4B92BDC6A5B001D6DAA /* Build configuration list for PBXProject "Course App" */;
			compatibilityVersion = "Xcode 14.0";
			developmentRegion = en;
			hasScannedForEncodings = 0;
			knownRegions = (
				en,
				Base,
			);
			mainGroup = 593AA4B52BDC6A5B001D6DAA;
			packageReferences = (
				59D433F32BF0A776002F9505 /* XCRemoteSwiftPackageReference "SwiftLint" */,
				59D433F62BF0C615002F9505 /* XCRemoteSwiftPackageReference "firebase-ios-sdk" */,
			);
			productRefGroup = 593AA4BF2BDC6A5B001D6DAA /* Products */;
			projectDirPath = "";
			projectRoot = "";
			targets = (
				593AA4BD2BDC6A5B001D6DAA /* Course App */,
				59C8337D2BECF98E00989F0E /* Course AppUITests */,
			);
		};
/* End PBXProject section */

/* Begin PBXResourcesBuildPhase section */
		593AA4BC2BDC6A5B001D6DAA /* Resources */ = {
			isa = PBXResourcesBuildPhase;
			buildActionMask = 2147483647;
			files = (
				593AA4C92BDC6A5D001D6DAA /* Preview Assets.xcassets in Resources */,
				5984C6112BF407BC007E946C /* Poppins-MediumItalic.ttf in Resources */,
				593AA4C62BDC6A5D001D6DAA /* Images.xcassets in Resources */,
				59D433F52BF0AFD7002F9505 /* GoogleService-Info.plist in Resources */,
				5984C60F2BF407BC007E946C /* Poppins-Bold.ttf in Resources */,
				5984C6102BF407BC007E946C /* Poppins-Regular.ttf in Resources */,
				5984C6162BF529F9007E946C /* Colors.xcassets in Resources */,
				5984C61A2BF53C49007E946C /* HomeViewController.xib in Resources */,
			);
			runOnlyForDeploymentPostprocessing = 0;
		};
		59C8337C2BECF98E00989F0E /* Resources */ = {
			isa = PBXResourcesBuildPhase;
			buildActionMask = 2147483647;
			files = (
			);
			runOnlyForDeploymentPostprocessing = 0;
		};
/* End PBXResourcesBuildPhase section */

/* Begin PBXSourcesBuildPhase section */
		593AA4BA2BDC6A5B001D6DAA /* Sources */ = {
			isa = PBXSourcesBuildPhase;
			buildActionMask = 2147483647;
			files = (
				5909EFAB2BF6314D00DD0D8D /* ReusableIdentifier.swift in Sources */,
				5909EFA32BF5607300DD0D8D /* MockDataProvider.swift in Sources */,
				5909EFAD2BF6336700DD0D8D /* ImageCollectionViewCell.swift in Sources */,
				5909EFA62BF6229F00DD0D8D /* LabelCollectionViewCell.swift in Sources */,
				593AA4C42BDC6A5B001D6DAA /* ContentView.swift in Sources */,
				593AA4C22BDC6A5B001D6DAA /* Course_AppApp.swift in Sources */,
				5909EFA92BF62F9900DD0D8D /* UICollectionView+ReusableIdenfifier.swift in Sources */,
				5984C6192BF53C49007E946C /* HomeViewController.swift in Sources */,
				5909EFAF2BFA2D4500DD0D8D /* HorizontalScrollingCollectionViewCell.swift in Sources */,
			);
			runOnlyForDeploymentPostprocessing = 0;
		};
		59C8337A2BECF98E00989F0E /* Sources */ = {
			isa = PBXSourcesBuildPhase;
			buildActionMask = 2147483647;
			files = (
				59C833812BECF98E00989F0E /* Course_AppUITests.swift in Sources */,
				59C833832BECF98E00989F0E /* Course_AppUITestsLaunchTests.swift in Sources */,
			);
			runOnlyForDeploymentPostprocessing = 0;
		};
/* End PBXSourcesBuildPhase section */

/* Begin PBXTargetDependency section */
		59C833852BECF98E00989F0E /* PBXTargetDependency */ = {
			isa = PBXTargetDependency;
			target = 593AA4BD2BDC6A5B001D6DAA /* Course App */;
			targetProxy = 59C833842BECF98E00989F0E /* PBXContainerItemProxy */;
		};
/* End PBXTargetDependency section */

/* Begin XCBuildConfiguration section */
		593AA4CA2BDC6A5D001D6DAA /* Development - Debug */ = {
			isa = XCBuildConfiguration;
			baseConfigurationReference = 59C8338A2BED0A4000989F0E /* DevelopmentConfig.xcconfig */;
			buildSettings = {
				ALWAYS_SEARCH_USER_PATHS = NO;
				ASSETCATALOG_COMPILER_GENERATE_SWIFT_ASSET_SYMBOL_EXTENSIONS = YES;
				CLANG_ANALYZER_NONNULL = YES;
				CLANG_ANALYZER_NUMBER_OBJECT_CONVERSION = YES_AGGRESSIVE;
				CLANG_CXX_LANGUAGE_STANDARD = "gnu++20";
				CLANG_ENABLE_MODULES = YES;
				CLANG_ENABLE_OBJC_ARC = YES;
				CLANG_ENABLE_OBJC_WEAK = YES;
				CLANG_WARN_BLOCK_CAPTURE_AUTORELEASING = YES;
				CLANG_WARN_BOOL_CONVERSION = YES;
				CLANG_WARN_COMMA = YES;
				CLANG_WARN_CONSTANT_CONVERSION = YES;
				CLANG_WARN_DEPRECATED_OBJC_IMPLEMENTATIONS = YES;
				CLANG_WARN_DIRECT_OBJC_ISA_USAGE = YES_ERROR;
				CLANG_WARN_DOCUMENTATION_COMMENTS = YES;
				CLANG_WARN_EMPTY_BODY = YES;
				CLANG_WARN_ENUM_CONVERSION = YES;
				CLANG_WARN_INFINITE_RECURSION = YES;
				CLANG_WARN_INT_CONVERSION = YES;
				CLANG_WARN_NON_LITERAL_NULL_CONVERSION = YES;
				CLANG_WARN_OBJC_IMPLICIT_RETAIN_SELF = YES;
				CLANG_WARN_OBJC_LITERAL_CONVERSION = YES;
				CLANG_WARN_OBJC_ROOT_CLASS = YES_ERROR;
				CLANG_WARN_QUOTED_INCLUDE_IN_FRAMEWORK_HEADER = YES;
				CLANG_WARN_RANGE_LOOP_ANALYSIS = YES;
				CLANG_WARN_STRICT_PROTOTYPES = YES;
				CLANG_WARN_SUSPICIOUS_MOVE = YES;
				CLANG_WARN_UNGUARDED_AVAILABILITY = YES_AGGRESSIVE;
				CLANG_WARN_UNREACHABLE_CODE = YES;
				CLANG_WARN__DUPLICATE_METHOD_MATCH = YES;
				COPY_PHASE_STRIP = NO;
				DEBUG_INFORMATION_FORMAT = dwarf;
				ENABLE_STRICT_OBJC_MSGSEND = YES;
				ENABLE_TESTABILITY = YES;
				ENABLE_USER_SCRIPT_SANDBOXING = YES;
				GCC_C_LANGUAGE_STANDARD = gnu17;
				GCC_DYNAMIC_NO_PIC = NO;
				GCC_NO_COMMON_BLOCKS = YES;
				GCC_OPTIMIZATION_LEVEL = 0;
				GCC_PREPROCESSOR_DEFINITIONS = (
					"DEBUG=1",
					"$(inherited)",
				);
				GCC_WARN_64_TO_32_BIT_CONVERSION = YES;
				GCC_WARN_ABOUT_RETURN_TYPE = YES_ERROR;
				GCC_WARN_UNDECLARED_SELECTOR = YES;
				GCC_WARN_UNINITIALIZED_AUTOS = YES_AGGRESSIVE;
				GCC_WARN_UNUSED_FUNCTION = YES;
				GCC_WARN_UNUSED_VARIABLE = YES;
				IPHONEOS_DEPLOYMENT_TARGET = 17.4;
				LOCALIZATION_PREFERS_STRING_CATALOGS = YES;
				MTL_ENABLE_DEBUG_INFO = INCLUDE_SOURCE;
				MTL_FAST_MATH = YES;
				ONLY_ACTIVE_ARCH = YES;
				SDKROOT = iphoneos;
				SWIFT_ACTIVE_COMPILATION_CONDITIONS = "DEBUG $(inherited)";
				SWIFT_OPTIMIZATION_LEVEL = "-Onone";
			};
			name = "Development - Debug";
		};
		593AA4CB2BDC6A5D001D6DAA /* Development - Release */ = {
			isa = XCBuildConfiguration;
			baseConfigurationReference = 59C8338A2BED0A4000989F0E /* DevelopmentConfig.xcconfig */;
			buildSettings = {
				ALWAYS_SEARCH_USER_PATHS = NO;
				ASSETCATALOG_COMPILER_GENERATE_SWIFT_ASSET_SYMBOL_EXTENSIONS = YES;
				CLANG_ANALYZER_NONNULL = YES;
				CLANG_ANALYZER_NUMBER_OBJECT_CONVERSION = YES_AGGRESSIVE;
				CLANG_CXX_LANGUAGE_STANDARD = "gnu++20";
				CLANG_ENABLE_MODULES = YES;
				CLANG_ENABLE_OBJC_ARC = YES;
				CLANG_ENABLE_OBJC_WEAK = YES;
				CLANG_WARN_BLOCK_CAPTURE_AUTORELEASING = YES;
				CLANG_WARN_BOOL_CONVERSION = YES;
				CLANG_WARN_COMMA = YES;
				CLANG_WARN_CONSTANT_CONVERSION = YES;
				CLANG_WARN_DEPRECATED_OBJC_IMPLEMENTATIONS = YES;
				CLANG_WARN_DIRECT_OBJC_ISA_USAGE = YES_ERROR;
				CLANG_WARN_DOCUMENTATION_COMMENTS = YES;
				CLANG_WARN_EMPTY_BODY = YES;
				CLANG_WARN_ENUM_CONVERSION = YES;
				CLANG_WARN_INFINITE_RECURSION = YES;
				CLANG_WARN_INT_CONVERSION = YES;
				CLANG_WARN_NON_LITERAL_NULL_CONVERSION = YES;
				CLANG_WARN_OBJC_IMPLICIT_RETAIN_SELF = YES;
				CLANG_WARN_OBJC_LITERAL_CONVERSION = YES;
				CLANG_WARN_OBJC_ROOT_CLASS = YES_ERROR;
				CLANG_WARN_QUOTED_INCLUDE_IN_FRAMEWORK_HEADER = YES;
				CLANG_WARN_RANGE_LOOP_ANALYSIS = YES;
				CLANG_WARN_STRICT_PROTOTYPES = YES;
				CLANG_WARN_SUSPICIOUS_MOVE = YES;
				CLANG_WARN_UNGUARDED_AVAILABILITY = YES_AGGRESSIVE;
				CLANG_WARN_UNREACHABLE_CODE = YES;
				CLANG_WARN__DUPLICATE_METHOD_MATCH = YES;
				COPY_PHASE_STRIP = NO;
				DEBUG_INFORMATION_FORMAT = "dwarf-with-dsym";
				ENABLE_NS_ASSERTIONS = NO;
				ENABLE_STRICT_OBJC_MSGSEND = YES;
				ENABLE_USER_SCRIPT_SANDBOXING = YES;
				GCC_C_LANGUAGE_STANDARD = gnu17;
				GCC_NO_COMMON_BLOCKS = YES;
				GCC_WARN_64_TO_32_BIT_CONVERSION = YES;
				GCC_WARN_ABOUT_RETURN_TYPE = YES_ERROR;
				GCC_WARN_UNDECLARED_SELECTOR = YES;
				GCC_WARN_UNINITIALIZED_AUTOS = YES_AGGRESSIVE;
				GCC_WARN_UNUSED_FUNCTION = YES;
				GCC_WARN_UNUSED_VARIABLE = YES;
				IPHONEOS_DEPLOYMENT_TARGET = 17.4;
				LOCALIZATION_PREFERS_STRING_CATALOGS = YES;
				MTL_ENABLE_DEBUG_INFO = NO;
				MTL_FAST_MATH = YES;
				SDKROOT = iphoneos;
				SWIFT_COMPILATION_MODE = wholemodule;
				VALIDATE_PRODUCT = YES;
			};
			name = "Development - Release";
		};
		593AA4CD2BDC6A5D001D6DAA /* Development - Debug */ = {
			isa = XCBuildConfiguration;
			buildSettings = {
				ASSETCATALOG_COMPILER_APPICON_NAME = AppIcon;
				ASSETCATALOG_COMPILER_GLOBAL_ACCENT_COLOR_NAME = AccentColor;
				CODE_SIGN_STYLE = Automatic;
				CURRENT_PROJECT_VERSION = 1;
				DEVELOPMENT_ASSET_PATHS = "\"Preview Content\"";
				DEVELOPMENT_TEAM = H62TL746QH;
				ENABLE_PREVIEWS = YES;
				GENERATE_INFOPLIST_FILE = YES;
				INFOPLIST_KEY_UIApplicationSceneManifest_Generation = YES;
				INFOPLIST_KEY_UIApplicationSupportsIndirectInputEvents = YES;
				INFOPLIST_KEY_UILaunchScreen_Generation = YES;
				INFOPLIST_KEY_UISupportedInterfaceOrientations_iPad = "UIInterfaceOrientationPortrait UIInterfaceOrientationPortraitUpsideDown UIInterfaceOrientationLandscapeLeft UIInterfaceOrientationLandscapeRight";
				INFOPLIST_KEY_UISupportedInterfaceOrientations_iPhone = "UIInterfaceOrientationPortrait UIInterfaceOrientationLandscapeLeft UIInterfaceOrientationLandscapeRight";
				LD_RUNPATH_SEARCH_PATHS = (
					"$(inherited)",
					"@executable_path/Frameworks",
				);
				MARKETING_VERSION = 1.0;
				PRODUCT_BUNDLE_IDENTIFIER = "CZU.Course-App";
				PRODUCT_NAME = "$(TARGET_NAME)";
				SUPPORTED_PLATFORMS = "iphoneos iphonesimulator";
				SUPPORTS_MACCATALYST = NO;
				SUPPORTS_MAC_DESIGNED_FOR_IPHONE_IPAD = NO;
				SUPPORTS_XR_DESIGNED_FOR_IPHONE_IPAD = NO;
				SWIFT_EMIT_LOC_STRINGS = YES;
				SWIFT_VERSION = 5.0;
				TARGETED_DEVICE_FAMILY = "1,2";
			};
			name = "Development - Debug";
		};
		593AA4CE2BDC6A5D001D6DAA /* Development - Release */ = {
			isa = XCBuildConfiguration;
			buildSettings = {
				ASSETCATALOG_COMPILER_APPICON_NAME = AppIcon;
				ASSETCATALOG_COMPILER_GLOBAL_ACCENT_COLOR_NAME = AccentColor;
				CODE_SIGN_STYLE = Automatic;
				CURRENT_PROJECT_VERSION = 1;
				DEVELOPMENT_ASSET_PATHS = "\"Preview Content\"";
				DEVELOPMENT_TEAM = H62TL746QH;
				ENABLE_PREVIEWS = YES;
				GENERATE_INFOPLIST_FILE = YES;
				INFOPLIST_KEY_UIApplicationSceneManifest_Generation = YES;
				INFOPLIST_KEY_UIApplicationSupportsIndirectInputEvents = YES;
				INFOPLIST_KEY_UILaunchScreen_Generation = YES;
				INFOPLIST_KEY_UISupportedInterfaceOrientations_iPad = "UIInterfaceOrientationPortrait UIInterfaceOrientationPortraitUpsideDown UIInterfaceOrientationLandscapeLeft UIInterfaceOrientationLandscapeRight";
				INFOPLIST_KEY_UISupportedInterfaceOrientations_iPhone = "UIInterfaceOrientationPortrait UIInterfaceOrientationLandscapeLeft UIInterfaceOrientationLandscapeRight";
				LD_RUNPATH_SEARCH_PATHS = (
					"$(inherited)",
					"@executable_path/Frameworks",
				);
				MARKETING_VERSION = 1.0;
				PRODUCT_BUNDLE_IDENTIFIER = "CZU.Course-App";
				PRODUCT_NAME = "$(TARGET_NAME)";
				SUPPORTED_PLATFORMS = "iphoneos iphonesimulator";
				SUPPORTS_MACCATALYST = NO;
				SUPPORTS_MAC_DESIGNED_FOR_IPHONE_IPAD = NO;
				SUPPORTS_XR_DESIGNED_FOR_IPHONE_IPAD = NO;
				SWIFT_EMIT_LOC_STRINGS = YES;
				SWIFT_VERSION = 5.0;
				TARGETED_DEVICE_FAMILY = "1,2";
			};
			name = "Development - Release";
		};
		59C833872BECF98E00989F0E /* Development - Debug */ = {
			isa = XCBuildConfiguration;
			buildSettings = {
				CODE_SIGN_STYLE = Automatic;
				CURRENT_PROJECT_VERSION = 1;
				DEVELOPMENT_TEAM = H62TL746QH;
				GENERATE_INFOPLIST_FILE = YES;
				MARKETING_VERSION = 1.0;
				PRODUCT_BUNDLE_IDENTIFIER = "CZU.Course-AppUITests";
				PRODUCT_NAME = "$(TARGET_NAME)";
				SWIFT_EMIT_LOC_STRINGS = NO;
				SWIFT_VERSION = 5.0;
				TARGETED_DEVICE_FAMILY = "1,2";
				TEST_TARGET_NAME = "Course App";
			};
			name = "Development - Debug";
		};
		59C833882BECF98E00989F0E /* Development - Release */ = {
			isa = XCBuildConfiguration;
			buildSettings = {
				CODE_SIGN_STYLE = Automatic;
				CURRENT_PROJECT_VERSION = 1;
				DEVELOPMENT_TEAM = H62TL746QH;
				GENERATE_INFOPLIST_FILE = YES;
				MARKETING_VERSION = 1.0;
				PRODUCT_BUNDLE_IDENTIFIER = "CZU.Course-AppUITests";
				PRODUCT_NAME = "$(TARGET_NAME)";
				SWIFT_EMIT_LOC_STRINGS = NO;
				SWIFT_VERSION = 5.0;
				TARGETED_DEVICE_FAMILY = "1,2";
				TEST_TARGET_NAME = "Course App";
			};
			name = "Development - Release";
		};
		59C8338C2BED7BDF00989F0E /* Production - Debug */ = {
			isa = XCBuildConfiguration;
			baseConfigurationReference = 59C8338B2BED0DD000989F0E /* ProductionConfig.xcconfig */;
			buildSettings = {
				ALWAYS_SEARCH_USER_PATHS = NO;
				ASSETCATALOG_COMPILER_GENERATE_SWIFT_ASSET_SYMBOL_EXTENSIONS = YES;
				CLANG_ANALYZER_NONNULL = YES;
				CLANG_ANALYZER_NUMBER_OBJECT_CONVERSION = YES_AGGRESSIVE;
				CLANG_CXX_LANGUAGE_STANDARD = "gnu++20";
				CLANG_ENABLE_MODULES = YES;
				CLANG_ENABLE_OBJC_ARC = YES;
				CLANG_ENABLE_OBJC_WEAK = YES;
				CLANG_WARN_BLOCK_CAPTURE_AUTORELEASING = YES;
				CLANG_WARN_BOOL_CONVERSION = YES;
				CLANG_WARN_COMMA = YES;
				CLANG_WARN_CONSTANT_CONVERSION = YES;
				CLANG_WARN_DEPRECATED_OBJC_IMPLEMENTATIONS = YES;
				CLANG_WARN_DIRECT_OBJC_ISA_USAGE = YES_ERROR;
				CLANG_WARN_DOCUMENTATION_COMMENTS = YES;
				CLANG_WARN_EMPTY_BODY = YES;
				CLANG_WARN_ENUM_CONVERSION = YES;
				CLANG_WARN_INFINITE_RECURSION = YES;
				CLANG_WARN_INT_CONVERSION = YES;
				CLANG_WARN_NON_LITERAL_NULL_CONVERSION = YES;
				CLANG_WARN_OBJC_IMPLICIT_RETAIN_SELF = YES;
				CLANG_WARN_OBJC_LITERAL_CONVERSION = YES;
				CLANG_WARN_OBJC_ROOT_CLASS = YES_ERROR;
				CLANG_WARN_QUOTED_INCLUDE_IN_FRAMEWORK_HEADER = YES;
				CLANG_WARN_RANGE_LOOP_ANALYSIS = YES;
				CLANG_WARN_STRICT_PROTOTYPES = YES;
				CLANG_WARN_SUSPICIOUS_MOVE = YES;
				CLANG_WARN_UNGUARDED_AVAILABILITY = YES_AGGRESSIVE;
				CLANG_WARN_UNREACHABLE_CODE = YES;
				CLANG_WARN__DUPLICATE_METHOD_MATCH = YES;
				COPY_PHASE_STRIP = NO;
				DEBUG_INFORMATION_FORMAT = dwarf;
				ENABLE_STRICT_OBJC_MSGSEND = YES;
				ENABLE_TESTABILITY = YES;
				ENABLE_USER_SCRIPT_SANDBOXING = YES;
				GCC_C_LANGUAGE_STANDARD = gnu17;
				GCC_DYNAMIC_NO_PIC = NO;
				GCC_NO_COMMON_BLOCKS = YES;
				GCC_OPTIMIZATION_LEVEL = 0;
				GCC_PREPROCESSOR_DEFINITIONS = (
					"DEBUG=1",
					"$(inherited)",
				);
				GCC_WARN_64_TO_32_BIT_CONVERSION = YES;
				GCC_WARN_ABOUT_RETURN_TYPE = YES_ERROR;
				GCC_WARN_UNDECLARED_SELECTOR = YES;
				GCC_WARN_UNINITIALIZED_AUTOS = YES_AGGRESSIVE;
				GCC_WARN_UNUSED_FUNCTION = YES;
				GCC_WARN_UNUSED_VARIABLE = YES;
				IPHONEOS_DEPLOYMENT_TARGET = 17.4;
				LOCALIZATION_PREFERS_STRING_CATALOGS = YES;
				MTL_ENABLE_DEBUG_INFO = INCLUDE_SOURCE;
				MTL_FAST_MATH = YES;
				ONLY_ACTIVE_ARCH = YES;
				SDKROOT = iphoneos;
				SWIFT_ACTIVE_COMPILATION_CONDITIONS = "DEBUG $(inherited)";
				SWIFT_OPTIMIZATION_LEVEL = "-Onone";
			};
			name = "Production - Debug";
		};
		59C8338D2BED7BDF00989F0E /* Production - Debug */ = {
			isa = XCBuildConfiguration;
			buildSettings = {
				ASSETCATALOG_COMPILER_APPICON_NAME = AppIcon;
				ASSETCATALOG_COMPILER_GLOBAL_ACCENT_COLOR_NAME = AccentColor;
				CODE_SIGN_STYLE = Automatic;
				CURRENT_PROJECT_VERSION = 1;
				DEVELOPMENT_ASSET_PATHS = "\"Preview Content\"";
				DEVELOPMENT_TEAM = H62TL746QH;
				ENABLE_PREVIEWS = YES;
				GENERATE_INFOPLIST_FILE = YES;
				INFOPLIST_KEY_UIApplicationSceneManifest_Generation = YES;
				INFOPLIST_KEY_UIApplicationSupportsIndirectInputEvents = YES;
				INFOPLIST_KEY_UILaunchScreen_Generation = YES;
				INFOPLIST_KEY_UISupportedInterfaceOrientations_iPad = "UIInterfaceOrientationPortrait UIInterfaceOrientationPortraitUpsideDown UIInterfaceOrientationLandscapeLeft UIInterfaceOrientationLandscapeRight";
				INFOPLIST_KEY_UISupportedInterfaceOrientations_iPhone = "UIInterfaceOrientationPortrait UIInterfaceOrientationLandscapeLeft UIInterfaceOrientationLandscapeRight";
				LD_RUNPATH_SEARCH_PATHS = (
					"$(inherited)",
					"@executable_path/Frameworks",
				);
				MARKETING_VERSION = 1.0;
				PRODUCT_BUNDLE_IDENTIFIER = "CZU.Course-App";
				PRODUCT_NAME = "$(TARGET_NAME)";
				SUPPORTED_PLATFORMS = "iphoneos iphonesimulator";
				SUPPORTS_MACCATALYST = NO;
				SUPPORTS_MAC_DESIGNED_FOR_IPHONE_IPAD = NO;
				SUPPORTS_XR_DESIGNED_FOR_IPHONE_IPAD = NO;
				SWIFT_EMIT_LOC_STRINGS = YES;
				SWIFT_VERSION = 5.0;
				TARGETED_DEVICE_FAMILY = "1,2";
			};
			name = "Production - Debug";
		};
		59C8338E2BED7BDF00989F0E /* Production - Debug */ = {
			isa = XCBuildConfiguration;
			buildSettings = {
				CODE_SIGN_STYLE = Automatic;
				CURRENT_PROJECT_VERSION = 1;
				DEVELOPMENT_TEAM = H62TL746QH;
				GENERATE_INFOPLIST_FILE = YES;
				MARKETING_VERSION = 1.0;
				PRODUCT_BUNDLE_IDENTIFIER = "CZU.Course-AppUITests";
				PRODUCT_NAME = "$(TARGET_NAME)";
				SWIFT_EMIT_LOC_STRINGS = NO;
				SWIFT_VERSION = 5.0;
				TARGETED_DEVICE_FAMILY = "1,2";
				TEST_TARGET_NAME = "Course App";
			};
			name = "Production - Debug";
		};
		59C8338F2BED7C0400989F0E /* Production - Release */ = {
			isa = XCBuildConfiguration;
			baseConfigurationReference = 59C8338B2BED0DD000989F0E /* ProductionConfig.xcconfig */;
			buildSettings = {
				ALWAYS_SEARCH_USER_PATHS = NO;
				ASSETCATALOG_COMPILER_GENERATE_SWIFT_ASSET_SYMBOL_EXTENSIONS = YES;
				CLANG_ANALYZER_NONNULL = YES;
				CLANG_ANALYZER_NUMBER_OBJECT_CONVERSION = YES_AGGRESSIVE;
				CLANG_CXX_LANGUAGE_STANDARD = "gnu++20";
				CLANG_ENABLE_MODULES = YES;
				CLANG_ENABLE_OBJC_ARC = YES;
				CLANG_ENABLE_OBJC_WEAK = YES;
				CLANG_WARN_BLOCK_CAPTURE_AUTORELEASING = YES;
				CLANG_WARN_BOOL_CONVERSION = YES;
				CLANG_WARN_COMMA = YES;
				CLANG_WARN_CONSTANT_CONVERSION = YES;
				CLANG_WARN_DEPRECATED_OBJC_IMPLEMENTATIONS = YES;
				CLANG_WARN_DIRECT_OBJC_ISA_USAGE = YES_ERROR;
				CLANG_WARN_DOCUMENTATION_COMMENTS = YES;
				CLANG_WARN_EMPTY_BODY = YES;
				CLANG_WARN_ENUM_CONVERSION = YES;
				CLANG_WARN_INFINITE_RECURSION = YES;
				CLANG_WARN_INT_CONVERSION = YES;
				CLANG_WARN_NON_LITERAL_NULL_CONVERSION = YES;
				CLANG_WARN_OBJC_IMPLICIT_RETAIN_SELF = YES;
				CLANG_WARN_OBJC_LITERAL_CONVERSION = YES;
				CLANG_WARN_OBJC_ROOT_CLASS = YES_ERROR;
				CLANG_WARN_QUOTED_INCLUDE_IN_FRAMEWORK_HEADER = YES;
				CLANG_WARN_RANGE_LOOP_ANALYSIS = YES;
				CLANG_WARN_STRICT_PROTOTYPES = YES;
				CLANG_WARN_SUSPICIOUS_MOVE = YES;
				CLANG_WARN_UNGUARDED_AVAILABILITY = YES_AGGRESSIVE;
				CLANG_WARN_UNREACHABLE_CODE = YES;
				CLANG_WARN__DUPLICATE_METHOD_MATCH = YES;
				COPY_PHASE_STRIP = NO;
				DEBUG_INFORMATION_FORMAT = "dwarf-with-dsym";
				ENABLE_NS_ASSERTIONS = NO;
				ENABLE_STRICT_OBJC_MSGSEND = YES;
				ENABLE_USER_SCRIPT_SANDBOXING = YES;
				GCC_C_LANGUAGE_STANDARD = gnu17;
				GCC_NO_COMMON_BLOCKS = YES;
				GCC_WARN_64_TO_32_BIT_CONVERSION = YES;
				GCC_WARN_ABOUT_RETURN_TYPE = YES_ERROR;
				GCC_WARN_UNDECLARED_SELECTOR = YES;
				GCC_WARN_UNINITIALIZED_AUTOS = YES_AGGRESSIVE;
				GCC_WARN_UNUSED_FUNCTION = YES;
				GCC_WARN_UNUSED_VARIABLE = YES;
				IPHONEOS_DEPLOYMENT_TARGET = 17.4;
				LOCALIZATION_PREFERS_STRING_CATALOGS = YES;
				MTL_ENABLE_DEBUG_INFO = NO;
				MTL_FAST_MATH = YES;
				SDKROOT = iphoneos;
				SWIFT_COMPILATION_MODE = wholemodule;
				VALIDATE_PRODUCT = YES;
			};
			name = "Production - Release";
		};
		59C833902BED7C0400989F0E /* Production - Release */ = {
			isa = XCBuildConfiguration;
			buildSettings = {
				ASSETCATALOG_COMPILER_APPICON_NAME = AppIcon;
				ASSETCATALOG_COMPILER_GLOBAL_ACCENT_COLOR_NAME = AccentColor;
				CODE_SIGN_STYLE = Automatic;
				CURRENT_PROJECT_VERSION = 1;
				DEVELOPMENT_ASSET_PATHS = "\"Preview Content\"";
				DEVELOPMENT_TEAM = H62TL746QH;
				ENABLE_PREVIEWS = YES;
				GENERATE_INFOPLIST_FILE = YES;
				INFOPLIST_KEY_UIApplicationSceneManifest_Generation = YES;
				INFOPLIST_KEY_UIApplicationSupportsIndirectInputEvents = YES;
				INFOPLIST_KEY_UILaunchScreen_Generation = YES;
				INFOPLIST_KEY_UISupportedInterfaceOrientations_iPad = "UIInterfaceOrientationPortrait UIInterfaceOrientationPortraitUpsideDown UIInterfaceOrientationLandscapeLeft UIInterfaceOrientationLandscapeRight";
				INFOPLIST_KEY_UISupportedInterfaceOrientations_iPhone = "UIInterfaceOrientationPortrait UIInterfaceOrientationLandscapeLeft UIInterfaceOrientationLandscapeRight";
				LD_RUNPATH_SEARCH_PATHS = (
					"$(inherited)",
					"@executable_path/Frameworks",
				);
				MARKETING_VERSION = 1.0;
				PRODUCT_BUNDLE_IDENTIFIER = "CZU.Course-App";
				PRODUCT_NAME = "$(TARGET_NAME)";
				SUPPORTED_PLATFORMS = "iphoneos iphonesimulator";
				SUPPORTS_MACCATALYST = NO;
				SUPPORTS_MAC_DESIGNED_FOR_IPHONE_IPAD = NO;
				SUPPORTS_XR_DESIGNED_FOR_IPHONE_IPAD = NO;
				SWIFT_EMIT_LOC_STRINGS = YES;
				SWIFT_VERSION = 5.0;
				TARGETED_DEVICE_FAMILY = "1,2";
			};
			name = "Production - Release";
		};
		59C833912BED7C0400989F0E /* Production - Release */ = {
			isa = XCBuildConfiguration;
			buildSettings = {
				CODE_SIGN_STYLE = Automatic;
				CURRENT_PROJECT_VERSION = 1;
				DEVELOPMENT_TEAM = H62TL746QH;
				GENERATE_INFOPLIST_FILE = YES;
				MARKETING_VERSION = 1.0;
				PRODUCT_BUNDLE_IDENTIFIER = "CZU.Course-AppUITests";
				PRODUCT_NAME = "$(TARGET_NAME)";
				SWIFT_EMIT_LOC_STRINGS = NO;
				SWIFT_VERSION = 5.0;
				TARGETED_DEVICE_FAMILY = "1,2";
				TEST_TARGET_NAME = "Course App";
			};
			name = "Production - Release";
		};
/* End XCBuildConfiguration section */

/* Begin XCConfigurationList section */
		593AA4B92BDC6A5B001D6DAA /* Build configuration list for PBXProject "Course App" */ = {
			isa = XCConfigurationList;
			buildConfigurations = (
				593AA4CA2BDC6A5D001D6DAA /* Development - Debug */,
				59C8338C2BED7BDF00989F0E /* Production - Debug */,
				593AA4CB2BDC6A5D001D6DAA /* Development - Release */,
				59C8338F2BED7C0400989F0E /* Production - Release */,
			);
			defaultConfigurationIsVisible = 0;
			defaultConfigurationName = "Development - Release";
		};
		593AA4CC2BDC6A5D001D6DAA /* Build configuration list for PBXNativeTarget "Course App" */ = {
			isa = XCConfigurationList;
			buildConfigurations = (
				593AA4CD2BDC6A5D001D6DAA /* Development - Debug */,
				59C8338D2BED7BDF00989F0E /* Production - Debug */,
				593AA4CE2BDC6A5D001D6DAA /* Development - Release */,
				59C833902BED7C0400989F0E /* Production - Release */,
			);
			defaultConfigurationIsVisible = 0;
			defaultConfigurationName = "Development - Release";
		};
		59C833862BECF98E00989F0E /* Build configuration list for PBXNativeTarget "Course AppUITests" */ = {
			isa = XCConfigurationList;
			buildConfigurations = (
				59C833872BECF98E00989F0E /* Development - Debug */,
				59C8338E2BED7BDF00989F0E /* Production - Debug */,
				59C833882BECF98E00989F0E /* Development - Release */,
				59C833912BED7C0400989F0E /* Production - Release */,
			);
			defaultConfigurationIsVisible = 0;
			defaultConfigurationName = "Development - Release";
		};
/* End XCConfigurationList section */

/* Begin XCRemoteSwiftPackageReference section */
		59D433F32BF0A776002F9505 /* XCRemoteSwiftPackageReference "SwiftLint" */ = {
			isa = XCRemoteSwiftPackageReference;
			repositoryURL = "https://github.com/realm/SwiftLint.git";
			requirement = {
				kind = upToNextMajorVersion;
				minimumVersion = 0.55.0;
			};
		};
		59D433F62BF0C615002F9505 /* XCRemoteSwiftPackageReference "firebase-ios-sdk" */ = {
			isa = XCRemoteSwiftPackageReference;
			repositoryURL = "https://github.com/firebase/firebase-ios-sdk";
			requirement = {
				kind = upToNextMajorVersion;
				minimumVersion = 10.25.0;
			};
		};
/* End XCRemoteSwiftPackageReference section */

/* Begin XCSwiftPackageProductDependency section */
		5984C6052BF3FC96007E946C /* FirebaseAuth */ = {
			isa = XCSwiftPackageProductDependency;
			package = 59D433F62BF0C615002F9505 /* XCRemoteSwiftPackageReference "firebase-ios-sdk" */;
			productName = FirebaseAuth;
		};
		5984C6072BF3FCB9007E946C /* FirebaseFirestore */ = {
			isa = XCSwiftPackageProductDependency;
			package = 59D433F62BF0C615002F9505 /* XCRemoteSwiftPackageReference "firebase-ios-sdk" */;
			productName = FirebaseFirestore;
		};
/* End XCSwiftPackageProductDependency section */
	};
	rootObject = 593AA4B62BDC6A5B001D6DAA /* Project object */;
}
